
Microsoft Visual Studio Solution File, Format Version 12.00
# Visual Studio Version 17
VisualStudioVersion = 17.8.34330.188
MinimumVisualStudioVersion = 10.0.40219.1
Project("{FAE04EC0-301F-11D3-BF4B-00C04F79EFBC}") = "VideoPlayer", "VideoPlayer\VideoPlayer.csproj", "{E5CD73C9-8F14-45F5-A599-1188E3D730FF}"
EndProject
Global
	GlobalSection(SolutionConfigurationPlatforms) = preSolution
		Debug|Any CPU = Debug|Any CPU
		Release|Any CPU = Release|Any CPU
	EndGlobalSection
	GlobalSection(ProjectConfigurationPlatforms) = postSolution
		{E5CD73C9-8F14-45F5-A599-1188E3D730FF}.Debug|Any CPU.ActiveCfg = Debug|Any CPU
		{E5CD73C9-8F14-45F5-A599-1188E3D730FF}.Debug|Any CPU.Build.0 = Debug|Any CPU
		{E5CD73C9-8F14-45F5-A599-1188E3D730FF}.Release|Any CPU.ActiveCfg = Release|Any CPU
		{E5CD73C9-8F14-45F5-A599-1188E3D730FF}.Release|Any CPU.Build.0 = Release|Any CPU
	EndGlobalSection
	GlobalSection(SolutionProperties) = preSolution
		HideSolutionNode = FALSE
	EndGlobalSection
	GlobalSection(ExtensibilityGlobals) = postSolution
		SolutionGuid = {95D5D7F5-93A0-4204-9E90-98B68F657B3F}
	EndGlobalSection
EndGlobal
